
Microsoft Visual Studio Solution File, Format Version 12.00
# Visual Studio 15
VisualStudioVersion = 15.0.26730.16
MinimumVisualStudioVersion = 10.0.40219.1
Project("{9A19103F-16F7-4668-BE54-9A1E7A4F7556}") = "WebUI", "WebUI.csproj", "{D34C332D-C6B2-4F94-9F1D-5F4CEBDE027E}"
EndProject
Global
	GlobalSection(SolutionConfigurationPlatforms) = preSolution
		Debug|Any CPU = Debug|Any CPU
		Release|Any CPU = Release|Any CPU
	EndGlobalSection
	GlobalSection(ProjectConfigurationPlatforms) = postSolution
		{D34C332D-C6B2-4F94-9F1D-5F4CEBDE027E}.Debug|Any CPU.ActiveCfg = Debug|Any CPU
		{D34C332D-C6B2-4F94-9F1D-5F4CEBDE027E}.Debug|Any CPU.Build.0 = Debug|Any CPU
		{D34C332D-C6B2-4F94-9F1D-5F4CEBDE027E}.Release|Any CPU.ActiveCfg = Release|Any CPU
		{D34C332D-C6B2-4F94-9F1D-5F4CEBDE027E}.Release|Any CPU.Build.0 = Release|Any CPU
	EndGlobalSection
	GlobalSection(SolutionProperties) = preSolution
		HideSolutionNode = FALSE
	EndGlobalSection
	GlobalSection(ExtensibilityGlobals) = postSolution
		SolutionGuid = {C73D5EB4-431E-4701-8B9D-7E43DF46DC54}
	EndGlobalSection
EndGlobal
